
Microsoft Visual Studio Solution File, Format Version 12.00
# Visual Studio Version 16
VisualStudioVersion = 16.0.31129.286
MinimumVisualStudioVersion = 10.0.40219.1
Project("{FAE04EC0-301F-11D3-BF4B-00C04F79EFBC}") = "SofturaTest3Project", "SofturaTest3Project\SofturaTest3Project.csproj", "{C994E44D-AC6B-404A-8DD1-7BB5DDDB9827}"
EndProject
Global
	GlobalSection(SolutionConfigurationPlatforms) = preSolution
		Debug|Any CPU = Debug|Any CPU
		Release|Any CPU = Release|Any CPU
	EndGlobalSection
	GlobalSection(ProjectConfigurationPlatforms) = postSolution
		{C994E44D-AC6B-404A-8DD1-7BB5DDDB9827}.Debug|Any CPU.ActiveCfg = Debug|Any CPU
		{C994E44D-AC6B-404A-8DD1-7BB5DDDB9827}.Debug|Any CPU.Build.0 = Debug|Any CPU
		{C994E44D-AC6B-404A-8DD1-7BB5DDDB9827}.Release|Any CPU.ActiveCfg = Release|Any CPU
		{C994E44D-AC6B-404A-8DD1-7BB5DDDB9827}.Release|Any CPU.Build.0 = Release|Any CPU
	EndGlobalSection
	GlobalSection(SolutionProperties) = preSolution
		HideSolutionNode = FALSE
	EndGlobalSection
	GlobalSection(ExtensibilityGlobals) = postSolution
		SolutionGuid = {D01F28F7-14C4-4FC0-AAB4-E0057404C95D}
	EndGlobalSection
EndGlobal
